
Microsoft Visual Studio Solution File, Format Version 12.00
# Visual Studio 15
VisualStudioVersion = 15.0.28010.2026
MinimumVisualStudioVersion = 10.0.40219.1
Project("{FAE04EC0-301F-11D3-BF4B-00C04F79EFBC}") = "JebatSaljakibaszu", "JebatSaljakibaszu\JebatSaljakibaszu.csproj", "{02F36F71-01DF-4AEE-91F3-4DF0DA646DB0}"
EndProject
Global
	GlobalSection(SolutionConfigurationPlatforms) = preSolution
		Debug|Any CPU = Debug|Any CPU
		Release|Any CPU = Release|Any CPU
	EndGlobalSection
	GlobalSection(ProjectConfigurationPlatforms) = postSolution
		{02F36F71-01DF-4AEE-91F3-4DF0DA646DB0}.Debug|Any CPU.ActiveCfg = Debug|Any CPU
		{02F36F71-01DF-4AEE-91F3-4DF0DA646DB0}.Debug|Any CPU.Build.0 = Debug|Any CPU
		{02F36F71-01DF-4AEE-91F3-4DF0DA646DB0}.Release|Any CPU.ActiveCfg = Release|Any CPU
		{02F36F71-01DF-4AEE-91F3-4DF0DA646DB0}.Release|Any CPU.Build.0 = Release|Any CPU
	EndGlobalSection
	GlobalSection(SolutionProperties) = preSolution
		HideSolutionNode = FALSE
	EndGlobalSection
	GlobalSection(ExtensibilityGlobals) = postSolution
		SolutionGuid = {A471D24F-59DA-40B7-9DFF-5CD1370B6BE5}
	EndGlobalSection
EndGlobal
